
Microsoft Visual Studio Solution File, Format Version 12.00
# Visual Studio Version 16
VisualStudioVersion = 16.0.29609.76
MinimumVisualStudioVersion = 10.0.40219.1
Project("{9A19103F-16F7-4668-BE54-9A1E7A4F7556}") = "DatingApp.API", "..\DatingApp.API\DatingApp.API.csproj", "{53DD1B65-050F-47FE-AB18-446DF6776654}"
EndProject
Global
	GlobalSection(SolutionConfigurationPlatforms) = preSolution
		Debug|Any CPU = Debug|Any CPU
		Release|Any CPU = Release|Any CPU
	EndGlobalSection
	GlobalSection(ProjectConfigurationPlatforms) = postSolution
		{53DD1B65-050F-47FE-AB18-446DF6776654}.Debug|Any CPU.ActiveCfg = Debug|Any CPU
		{53DD1B65-050F-47FE-AB18-446DF6776654}.Debug|Any CPU.Build.0 = Debug|Any CPU
		{53DD1B65-050F-47FE-AB18-446DF6776654}.Release|Any CPU.ActiveCfg = Release|Any CPU
		{53DD1B65-050F-47FE-AB18-446DF6776654}.Release|Any CPU.Build.0 = Release|Any CPU
	EndGlobalSection
	GlobalSection(SolutionProperties) = preSolution
		HideSolutionNode = FALSE
	EndGlobalSection
	GlobalSection(ExtensibilityGlobals) = postSolution
		SolutionGuid = {A735450C-3266-46E7-A9DD-C2A0F795FF91}
	EndGlobalSection
EndGlobal
